
Microsoft Visual Studio Solution File, Format Version 12.00
# Visual Studio Version 16
VisualStudioVersion = 16.0.30204.135
MinimumVisualStudioVersion = 10.0.40219.1
Project("{FAE04EC0-301F-11D3-BF4B-00C04F79EFBC}") = "HeadlessUmbracoTest.App", "HeadlessUmbracoTest.App\HeadlessUmbracoTest.App.csproj", "{EC276922-3B57-426D-AE0F-E698B5E187C2}"
EndProject
Project("{FAE04EC0-301F-11D3-BF4B-00C04F79EFBC}") = "HeadlessUmbracoTest.Core", "HeadlessUmbracoTest.Core\HeadlessUmbracoTest.Core.csproj", "{1B56BC6E-6143-407B-B0A8-BB5E72BA44AF}"
EndProject
Global
	GlobalSection(SolutionConfigurationPlatforms) = preSolution
		Debug|Any CPU = Debug|Any CPU
		Release|Any CPU = Release|Any CPU
	EndGlobalSection
	GlobalSection(ProjectConfigurationPlatforms) = postSolution
		{EC276922-3B57-426D-AE0F-E698B5E187C2}.Debug|Any CPU.ActiveCfg = Debug|Any CPU
		{EC276922-3B57-426D-AE0F-E698B5E187C2}.Debug|Any CPU.Build.0 = Debug|Any CPU
		{EC276922-3B57-426D-AE0F-E698B5E187C2}.Release|Any CPU.ActiveCfg = Release|Any CPU
		{EC276922-3B57-426D-AE0F-E698B5E187C2}.Release|Any CPU.Build.0 = Release|Any CPU
		{1B56BC6E-6143-407B-B0A8-BB5E72BA44AF}.Debug|Any CPU.ActiveCfg = Debug|Any CPU
		{1B56BC6E-6143-407B-B0A8-BB5E72BA44AF}.Debug|Any CPU.Build.0 = Debug|Any CPU
		{1B56BC6E-6143-407B-B0A8-BB5E72BA44AF}.Release|Any CPU.ActiveCfg = Release|Any CPU
		{1B56BC6E-6143-407B-B0A8-BB5E72BA44AF}.Release|Any CPU.Build.0 = Release|Any CPU
	EndGlobalSection
	GlobalSection(SolutionProperties) = preSolution
		HideSolutionNode = FALSE
	EndGlobalSection
	GlobalSection(ExtensibilityGlobals) = postSolution
		SolutionGuid = {F8FC3F6F-6105-4DC6-81DD-020C6B295793}
	EndGlobalSection
EndGlobal
